
Microsoft Visual Studio Solution File, Format Version 12.00
# Visual Studio Version 17
VisualStudioVersion = 17.1.32328.378
MinimumVisualStudioVersion = 10.0.40219.1
Project("{9A19103F-16F7-4668-BE54-9A1E7A4F7556}") = "ConsoleAppPrimeTens", "ConsoleAppPrimeTens\ConsoleAppPrimeTens.csproj", "{9AFCB78F-E2A5-48BA-9E1F-DAA8BDC475BF}"
EndProject
Project("{9A19103F-16F7-4668-BE54-9A1E7A4F7556}") = "ClassLibraryPrimeTens", "ClassLibraryPrimeTens\ClassLibraryPrimeTens.csproj", "{85A75B0E-9B3F-4552-802A-80900B24A6CC}"
EndProject
Project("{9A19103F-16F7-4668-BE54-9A1E7A4F7556}") = "WinFormsAppPrimeTens", "WinFormsAppPrimeTens\WinFormsAppPrimeTens.csproj", "{C7719B29-2957-4F46-8AF3-E5240AA3AF7D}"
EndProject
Project("{FAE04EC0-301F-11D3-BF4B-00C04F79EFBC}") = "TestPrimeTens", "TestPrimeTens\TestPrimeTens.csproj", "{CEE601B1-8816-4D3D-988E-F66D3B3DA5CD}"
EndProject
Global
	GlobalSection(SolutionConfigurationPlatforms) = preSolution
		Debug|Any CPU = Debug|Any CPU
		Release|Any CPU = Release|Any CPU
	EndGlobalSection
	GlobalSection(ProjectConfigurationPlatforms) = postSolution
		{9AFCB78F-E2A5-48BA-9E1F-DAA8BDC475BF}.Debug|Any CPU.ActiveCfg = Debug|Any CPU
		{9AFCB78F-E2A5-48BA-9E1F-DAA8BDC475BF}.Debug|Any CPU.Build.0 = Debug|Any CPU
		{9AFCB78F-E2A5-48BA-9E1F-DAA8BDC475BF}.Release|Any CPU.ActiveCfg = Release|Any CPU
		{9AFCB78F-E2A5-48BA-9E1F-DAA8BDC475BF}.Release|Any CPU.Build.0 = Release|Any CPU
		{85A75B0E-9B3F-4552-802A-80900B24A6CC}.Debug|Any CPU.ActiveCfg = Debug|Any CPU
		{85A75B0E-9B3F-4552-802A-80900B24A6CC}.Debug|Any CPU.Build.0 = Debug|Any CPU
		{85A75B0E-9B3F-4552-802A-80900B24A6CC}.Release|Any CPU.ActiveCfg = Release|Any CPU
		{85A75B0E-9B3F-4552-802A-80900B24A6CC}.Release|Any CPU.Build.0 = Release|Any CPU
		{C7719B29-2957-4F46-8AF3-E5240AA3AF7D}.Debug|Any CPU.ActiveCfg = Debug|Any CPU
		{C7719B29-2957-4F46-8AF3-E5240AA3AF7D}.Debug|Any CPU.Build.0 = Debug|Any CPU
		{C7719B29-2957-4F46-8AF3-E5240AA3AF7D}.Release|Any CPU.ActiveCfg = Release|Any CPU
		{C7719B29-2957-4F46-8AF3-E5240AA3AF7D}.Release|Any CPU.Build.0 = Release|Any CPU
		{CEE601B1-8816-4D3D-988E-F66D3B3DA5CD}.Debug|Any CPU.ActiveCfg = Debug|Any CPU
		{CEE601B1-8816-4D3D-988E-F66D3B3DA5CD}.Debug|Any CPU.Build.0 = Debug|Any CPU
		{CEE601B1-8816-4D3D-988E-F66D3B3DA5CD}.Release|Any CPU.ActiveCfg = Release|Any CPU
		{CEE601B1-8816-4D3D-988E-F66D3B3DA5CD}.Release|Any CPU.Build.0 = Release|Any CPU
	EndGlobalSection
	GlobalSection(SolutionProperties) = preSolution
		HideSolutionNode = FALSE
	EndGlobalSection
	GlobalSection(ExtensibilityGlobals) = postSolution
		SolutionGuid = {96447D89-4979-4BBD-AE68-D017BB1AF2F9}
	EndGlobalSection
EndGlobal
